[[package]]
category = "main"
description = "Python command-line parsing library"
name = "argparse"
optional = false
python-versions = "*"
version = "1.2.2"

[[package]]
category = "main"
description = "Python package for providing Mozilla's CA Bundle."
name = "certifi"
optional = false
python-versions = "*"
version = "2019.11.28"

[[package]]
category = "main"
description = "Universal encoding detector for Python 2 and 3"
name = "chardet"
optional = false
python-versions = "*"
version = "3.0.4"

[[package]]
category = "main"
description = "A high-level Python Web framework that encourages rapid development and clean, pragmatic design."
name = "django"
optional = false
python-versions = "*"
version = "1.11.27"

[package.dependencies]
pytz = "*"

[package.extras]
argon2 = ["argon2-cffi (>=16.1.0)"]
bcrypt = ["bcrypt"]

[[package]]
category = "main"
description = "A configurable set of panels that display various debug information about the current request/response."
name = "django-debug-toolbar"
optional = false
python-versions = ">=2.7, !=3.0.*, !=3.1.*, !=3.2.*, !=3.3.*"
version = "1.11"

[package.dependencies]
Django = ">=1.11"
sqlparse = ">=0.2.0"

[[package]]
category = "main"
description = "A django-debug-toolbar panel that shows you template rendering times for Django"
name = "django-debug-toolbar-template-timings"
optional = false
python-versions = "*"
version = "0.9"

[package.dependencies]
Django = "*"
django-debug-toolbar = ">=1.0"

[[package]]
category = "main"
description = "Extensions for Django"
name = "django-extensions"
optional = false
python-versions = "*"
version = "1.1.1"

[package.dependencies]
six = "*"

[[package]]
category = "main"
description = "a Django app that provides template tags for using Markdown (using the python-markdown2 processor)"
name = "django-markdown-deux"
optional = false
python-versions = "*"
version = "1.0.5"

[package.dependencies]
markdown2 = "*"

[[package]]
category = "main"
description = "Postgres Connection Pooling for Django."
name = "django-postgrespool"
optional = false
python-versions = "*"
version = "0.3.1"

[package.dependencies]
psycopg2 = "*"
sqlalchemy = "*"

[[package]]
category = "main"
description = "Full featured redis cache backend for Django."
name = "django-redis"
optional = false
python-versions = ">=2.7, !=3.0.*, !=3.1.*, !=3.2.*, !=3.3.*"
version = "4.10.0"

[package.dependencies]
Django = ">=1.11"
redis = ">=2.10.0"

[[package]]
category = "main"
description = "Web APIs for Django, made easy."
name = "djangorestframework"
optional = false
python-versions = "*"
version = "3.4.7"

[[package]]
category = "main"
description = "A verstile test fixtures replacement based on thoughtbot's factory_girl for Ruby."
name = "factory-boy"
optional = false
python-versions = "*"
version = "2.1.2"

[[package]]
category = "main"
description = "WSGI HTTP Server for UNIX"
name = "gunicorn"
optional = false
python-versions = ">=2.6, !=3.0.*, !=3.1.*"
version = "19.10.0"

[package.extras]
eventlet = ["eventlet (>=0.9.7)"]
gevent = ["gevent (>=0.13)"]
tornado = ["tornado (>=0.2)"]

[[package]]
category = "main"
description = "HTTP client mock for Python"
name = "httpretty"
optional = false
python-versions = "*"
version = "0.6.5"

[[package]]
category = "main"
description = "Internationalized Domain Names in Applications (IDNA)"
name = "idna"
optional = false
python-versions = "*"
version = "2.7"

[[package]]
category = "main"
description = "A fast and complete Python implementation of Markdown"
name = "markdown2"
optional = false
python-versions = "*"
version = "2.3.8"

[[package]]
category = "main"
description = "A Python Mocking and Patching Library for Testing"
name = "mock"
optional = false
python-versions = "*"
version = "1.0.1"

[[package]]
category = "main"
description = "A generic, spec-compliant, thorough implementation of the OAuth request-signing logic"
name = "oauthlib"
optional = false
python-versions = ">=2.7, !=3.0.*, !=3.1.*, !=3.2.*, !=3.3.*"
version = "3.1.0"

[package.extras]
rsa = ["cryptography"]
signals = ["blinker"]
signedtoken = ["cryptography", "pyjwt (>=1.0.0)"]

[[package]]
category = "main"
description = "psycopg2 - Python-PostgreSQL Database Adapter"
name = "psycopg2"
optional = false
python-versions = ">=2.7,!=3.0.*,!=3.1.*,!=3.2.*,!=3.3.*"
version = "2.8.4"

[[package]]
category = "main"
description = "World timezone definitions, modern and historical"
name = "pytz"
optional = false
python-versions = "*"
version = "2017.3"

[[package]]
category = "main"
description = "Python client for Redis key-value store"
name = "redis"
optional = false
python-versions = ">=2.7, !=3.0.*, !=3.1.*, !=3.2.*, !=3.3.*"
version = "3.0.1"

[package.extras]
hiredis = ["hiredis (>=0.1.3)"]

[[package]]
category = "main"
description = "Python HTTP for Humans."
name = "requests"
optional = false
python-versions = ">=2.7, !=3.0.*, !=3.1.*, !=3.2.*, !=3.3.*"
version = "2.20.1"

[package.dependencies]
certifi = ">=2017.4.17"
chardet = ">=3.0.2,<3.1.0"
idna = ">=2.5,<2.8"
urllib3 = ">=1.21.1,<1.25"

[package.extras]
security = ["pyOpenSSL (>=0.14)", "cryptography (>=1.3.4)", "idna (>=2.0.0)"]
socks = ["PySocks (>=1.5.6,<1.5.7 || >1.5.7)", "win-inet-pton"]

[[package]]
category = "main"
description = "OAuthlib authentication support for Requests."
name = "requests-oauthlib"
optional = false
python-versions = "*"
version = "0.8.0"

[package.dependencies]
oauthlib = ">=0.6.2"
requests = ">=2.0.0"

[package.extras]
rsa = ["oauthlib (>=0.6.2)", "requests (>=2.0.0)"]

[[package]]
category = "main"
description = "Python 2 and 3 compatibility utilities"
name = "six"
optional = false
python-versions = "*"
version = "1.3.0"

[[package]]
category = "main"
description = "Database Abstraction Library"
name = "sqlalchemy"
optional = false
python-versions = ">=2.7, !=3.0.*, !=3.1.*, !=3.2.*, !=3.3.*"
version = "1.3.12"

[package.extras]
mssql = ["pyodbc"]
mssql_pymssql = ["pymssql"]
mssql_pyodbc = ["pyodbc"]
mysql = ["mysqlclient"]
oracle = ["cx-oracle"]
postgresql = ["psycopg2"]
postgresql_pg8000 = ["pg8000"]
postgresql_psycopg2binary = ["psycopg2-binary"]
postgresql_psycopg2cffi = ["psycopg2cffi"]
pymysql = ["pymysql"]

[[package]]
category = "main"
description = "Non-validating SQL parser"
name = "sqlparse"
optional = false
python-versions = ">=2.7, !=3.0.*, !=3.1.*, !=3.2.*, !=3.3.*"
version = "0.3.0"

[[package]]
category = "main"
description = "An API and command-line toolset for Twitter (twitter.com)"
name = "twitter"
optional = false
python-versions = "*"
version = "1.9.4"

[[package]]
category = "main"
description = "HTTP library with thread-safe connection pooling, file post, and more."
name = "urllib3"
optional = false
python-versions = ">=2.7, !=3.0.*, !=3.1.*, !=3.2.*, !=3.3.*, <4"
version = "1.24.3"

[package.extras]
secure = ["pyOpenSSL (>=0.14)", "cryptography (>=1.3.4)", "idna (>=2.0.0)", "certifi", "ipaddress"]
socks = ["PySocks (>=1.5.6,<1.5.7 || >1.5.7,<2.0)"]

[metadata]
content-hash = "17e389d5dace0dcb039bbbfad8810faef7eb3b6a321c92ea1e1980177850c82d"
python-versions = "^3.6"

[metadata.files]
argparse = [
    {file = "argparse-1.2.2-py2.py3-none-any.whl", hash = "sha256:14adf170c4083a8e8e1a71e628aba4cddb1165aeec53683415a30f314dee166e"},
    {file = "argparse-1.2.2.tar.gz", hash = "sha256:0c8d9e45969c4849264b8f8d4025e0ab9076ebe44bfaed70e24f494fa554b2c6"},
]
certifi = [
    {file = "certifi-2019.11.28-py2.py3-none-any.whl", hash = "sha256:017c25db2a153ce562900032d5bc68e9f191e44e9a0f762f373977de9df1fbb3"},
    {file = "certifi-2019.11.28.tar.gz", hash = "sha256:25b64c7da4cd7479594d035c08c2d809eb4aab3a26e5a990ea98cc450c320f1f"},
]
chardet = [
    {file = "chardet-3.0.4-py2.py3-none-any.whl", hash = "sha256:fc323ffcaeaed0e0a02bf4d117757b98aed530d9ed4531e3e15460124c106691"},
    {file = "chardet-3.0.4.tar.gz", hash = "sha256:84ab92ed1c4d4f16916e05906b6b75a6c0fb5db821cc65e70cbd64a3e2a5eaae"},
]
django = [
    {file = "Django-1.11.27-py2.py3-none-any.whl", hash = "sha256:372faee5b93c92f19e9d65f52b278a1b689d3e3b4a7d9d30db73a78ebc729770"},
    {file = "Django-1.11.27.tar.gz", hash = "sha256:20111383869ad1b11400c94b0c19d4ab12975316cd058eabd17452e0546169b8"},
]
django-debug-toolbar = [
    {file = "django-debug-toolbar-1.11.tar.gz", hash = "sha256:89d75b60c65db363fb24688d977e5fbf0e73386c67acf562d278402a10fc3736"},
    {file = "django_debug_toolbar-1.11-py2.py3-none-any.whl", hash = "sha256:c2b0134119a624f4ac9398b44f8e28a01c7686ac350a12a74793f3dd57a9eea0"},
]
django-debug-toolbar-template-timings = [
    {file = "django-debug-toolbar-template-timings-0.9.tar.gz", hash = "sha256:531c7dc71244fd74e4ef025cdfccb5748dbea552724762483c074056dc4bab75"},
    {file = "django_debug_toolbar_template_timings-0.9-py2.py3-none-any.whl", hash = "sha256:7d0984fa82349c0b3a79000e94ca4e02067c9fd7b42026fc28d64e271d2a1e38"},
]
django-extensions = [
    {file = "django-extensions-1.1.1.tar.gz", hash = "sha256:81d4f4dff21c52e84bdfbc56adf91f16c4082cf09a6fc858d91b71d0d40507c4"},
]
django-markdown-deux = [
    {file = "django-markdown-deux-1.0.5.zip", hash = "sha256:5b4a3cd9454af5b4cec0e19151b41d98d09400ddae0688afb81dbf62a4edafff"},
]
django-postgrespool = [
    {file = "django-postgrespool-0.3.1.tar.gz", hash = "sha256:a969b1b2d71c4c440c9b97a54c37c21e5047d43f4590aef13c7342983eb9a03b"},
]
django-redis = [
    {file = "django-redis-4.10.0.tar.gz", hash = "sha256:af0b393864e91228dd30d8c85b5c44d670b5524cb161b7f9e41acc98b6e5ace7"},
    {file = "django_redis-4.10.0-py2.py3-none-any.whl", hash = "sha256:f46115577063d00a890867c6964ba096057f07cb756e78e0503b89cd18e4e083"},
]
djangorestframework = [
    {file = "djangorestframework-3.4.7-py2.py3-none-any.whl", hash = "sha256:6d1f00a91b8d45f88a482720996c587b3488ca69b37880d670e5fa034123efa1"},
    {file = "djangorestframework-3.4.7.tar.gz", hash = "sha256:34f588119a6de012a0cbe3836c31a2d5f620993c3b955f64c951a3072e617e47"},
]
factory-boy = [
    {file = "factory_boy-2.1.2.tar.gz", hash = "sha256:561d9986e9dbf77efa0e3c4907d4558c95ec092a04459c79450ad718fba53b80"},
]
gunicorn = [
    {file = "gunicorn-19.10.0-py2.py3-none-any.whl", hash = "sha256:c3930fe8de6778ab5ea716cab432ae6335fa9f03b3f2c3e02529214c476f4bcb"},
    {file = "gunicorn-19.10.0.tar.gz", hash = "sha256:f9de24e358b841567063629cd0a656b26792a41e23a24d0dcb40224fc3940081"},
]
httpretty = [
    {file = "httpretty-0.6.5.tar.gz", hash = "sha256:5914118c511c05b1d02c52c0330b4a1c4a826ec7dca6f2bf42294c40799d7e31"},
]
idna = [
    {file = "idna-2.7-py2.py3-none-any.whl", hash = "sha256:156a6814fb5ac1fc6850fb002e0852d56c0c8d2531923a51032d1b70760e186e"},
    {file = "idna-2.7.tar.gz", hash = "sha256:684a38a6f903c1d71d6d5fac066b58d7768af4de2b832e426ec79c30daa94a16"},
]
markdown2 = [
    {file = "markdown2-2.3.8-py2.py3-none-any.whl", hash = "sha256:882d3607fc023cdea0ac2cd0e1147617fcb0361cb1133d3ff095417f995ff270"},
    {file = "markdown2-2.3.8.tar.gz", hash = "sha256:7ff88e00b396c02c8e1ecd8d176cfa418fb01fe81234dcea77803e7ce4f05dbe"},
]
mock = [
    {file = "mock-1.0.1.tar.gz", hash = "sha256:b839dd2d9c117c701430c149956918a423a9863b48b09c90e30a6013e7d2f44f"},
    {file = "mock-1.0.1.zip", hash = "sha256:8f83080daa249d036cbccfb8ae5cc6ff007b88d6d937521371afabe7b19badbc"},
]
oauthlib = [
    {file = "oauthlib-3.1.0-py2.py3-none-any.whl", hash = "sha256:df884cd6cbe20e32633f1db1072e9356f53638e4361bef4e8b03c9127c9328ea"},
    {file = "oauthlib-3.1.0.tar.gz", hash = "sha256:bee41cc35fcca6e988463cacc3bcb8a96224f470ca547e697b604cc697b2f889"},
]
psycopg2 = [
    {file = "psycopg2-2.8.4-cp27-cp27m-win32.whl", hash = "sha256:72772181d9bad1fa349792a1e7384dde56742c14af2b9986013eb94a240f005b"},
    {file = "psycopg2-2.8.4-cp27-cp27m-win_amd64.whl", hash = "sha256:893c11064b347b24ecdd277a094413e1954f8a4e8cdaf7ffbe7ca3db87c103f0"},
    {file = "psycopg2-2.8.4-cp34-cp34m-win32.whl", hash = "sha256:9ab75e0b2820880ae24b7136c4d230383e07db014456a476d096591172569c38"},
    {file = "psycopg2-2.8.4-cp34-cp34m-win_amd64.whl", hash = "sha256:b0845e3bdd4aa18dc2f9b6fb78fbd3d9d371ad167fd6d1b7ad01c0a6cdad4fc6"},
    {file = "psycopg2-2.8.4-cp35-cp35m-win32.whl", hash = "sha256:ef6df7e14698e79c59c7ee7cf94cd62e5b869db369ed4b1b8f7b729ea825712a"},
    {file = "psycopg2-2.8.4-cp35-cp35m-win_amd64.whl", hash = "sha256:965c4c93e33e6984d8031f74e51227bd755376a9df6993774fd5b6fb3288b1f4"},
    {file = "psycopg2-2.8.4-cp36-cp36m-win32.whl", hash = "sha256:ed686e5926929887e2c7ae0a700e32c6129abb798b4ad2b846e933de21508151"},
    {file = "psycopg2-2.8.4-cp36-cp36m-win_amd64.whl", hash = "sha256:dca2d7203f0dfce8ea4b3efd668f8ea65cd2b35112638e488a4c12594015f67b"},
    {file = "psycopg2-2.8.4-cp37-cp37m-win32.whl", hash = "sha256:8396be6e5ff844282d4d49b81631772f80dabae5658d432202faf101f5283b7c"},
    {file = "psycopg2-2.8.4-cp37-cp37m-win_amd64.whl", hash = "sha256:47fc642bf6f427805daf52d6e52619fe0637648fe27017062d898f3bf891419d"},
    {file = "psycopg2-2.8.4-cp38-cp38-win32.whl", hash = "sha256:4212ca404c4445dc5746c0d68db27d2cbfb87b523fe233dc84ecd24062e35677"},
    {file = "psycopg2-2.8.4-cp38-cp38-win_amd64.whl", hash = "sha256:92a07dfd4d7c325dd177548c4134052d4842222833576c8391aab6f74038fc3f"},
    {file = "psycopg2-2.8.4.tar.gz", hash = "sha256:f898e5cc0a662a9e12bde6f931263a1bbd350cfb18e1d5336a12927851825bb6"},
]
pytz = [
    {file = "pytz-2017.3-py2.4.egg", hash = "sha256:80af0f3008046b9975242012a985f04c5df1f01eed4ec1633d56cc47a75a6a48"},
    {file = "pytz-2017.3-py2.5.egg", hash = "sha256:feb2365914948b8620347784b6b6da356f31c9d03560259070b2f30cff3d469d"},
    {file = "pytz-2017.3-py2.6.egg", hash = "sha256:59707844a9825589878236ff2f4e0dc9958511b7ffaae94dc615da07d4a68d33"},
    {file = "pytz-2017.3-py2.7.egg", hash = "sha256:d0ef5ef55ed3d37854320d4926b04a4cb42a2e88f71da9ddfdacfde8e364f027"},
    {file = "pytz-2017.3-py2.py3-none-any.whl", hash = "sha256:c41c62827ce9cafacd6f2f7018e4f83a6f1986e87bfd000b8cfbd4ab5da95f1a"},
    {file = "pytz-2017.3-py3.3.egg", hash = "sha256:8cc90340159b5d7ced6f2ba77694d946fc975b09f1a51d93f3ce3bb399396f94"},
    {file = "pytz-2017.3-py3.4.egg", hash = "sha256:dd2e4ca6ce3785c8dd342d1853dd9052b19290d5bf66060846e5dc6b8d6667f7"},
    {file = "pytz-2017.3-py3.5.egg", hash = "sha256:699d18a2a56f19ee5698ab1123bbcc1d269d061996aeb1eda6d89248d3542b82"},
    {file = "pytz-2017.3.zip", hash = "sha256:fae4cffc040921b8a2d60c6cf0b5d662c1190fe54d718271db4eb17d44a185b7"},
]
redis = [
    {file = "redis-3.0.1-py2.py3-none-any.whl", hash = "sha256:8e0bdd2de02e829b6225b25646f9fb9daffea99a252610d040409a6738541f0a"},
    {file = "redis-3.0.1.tar.gz", hash = "sha256:2100750629beff143b6a200a2ea8e719fcf26420adabb81402895e144c5083cf"},
]
requests = [
    {file = "requests-2.20.1-py2.py3-none-any.whl", hash = "sha256:65b3a120e4329e33c9889db89c80976c5272f56ea92d3e74da8a463992e3ff54"},
    {file = "requests-2.20.1.tar.gz", hash = "sha256:ea881206e59f41dbd0bd445437d792e43906703fff75ca8ff43ccdb11f33f263"},
]
requests-oauthlib = [
    {file = "requests-oauthlib-0.8.0.tar.gz", hash = "sha256:883ac416757eada6d3d07054ec7092ac21c7f35cb1d2cf82faf205637081f468"},
    {file = "requests_oauthlib-0.8.0-py2.py3-none-any.whl", hash = "sha256:50a8ae2ce8273e384895972b56193c7409601a66d4975774c60c2aed869639ca"},
]
six = [
    {file = "six-1.3.0.tar.gz", hash = "sha256:d59793f9b255bd00de800b97f9a50cce4fc8a44c205f7defa5bb7d691d13b852"},
]
sqlalchemy = [
    {file = "SQLAlchemy-1.3.12.tar.gz", hash = "sha256:bfb8f464a5000b567ac1d350b9090cf081180ec1ab4aa87e7bca12dab25320ec"},
]
sqlparse = [
    {file = "sqlparse-0.3.0-py2.py3-none-any.whl", hash = "sha256:40afe6b8d4b1117e7dff5504d7a8ce07d9a1b15aeeade8a2d10f130a834f8177"},
    {file = "sqlparse-0.3.0.tar.gz", hash = "sha256:7c3dca29c022744e95b547e867cee89f4fce4373f3549ccd8797d8eb52cdb873"},
]
twitter = [
    {file = "twitter-1.9.4.tar.gz", hash = "sha256:10e5e9ca9ff9b30869f2493ab432312e9b3e82ba6224c08a3b29b3eebe180f7d"},
]
urllib3 = [
    {file = "urllib3-1.24.3-py2.py3-none-any.whl", hash = "sha256:a637e5fae88995b256e3409dc4d52c2e2e0ba32c42a6365fee8bbd2238de3cfb"},
    {file = "urllib3-1.24.3.tar.gz", hash = "sha256:2393a695cd12afedd0dcb26fe5d50d0cf248e5a66f75dbd89a3d4eb333a61af4"},
]
